
Microsoft Visual Studio Solution File, Format Version 12.00
# Visual Studio Version 16
VisualStudioVersion = 16.0.30114.105
MinimumVisualStudioVersion = 10.0.40219.1
Project("{9A19103F-16F7-4668-BE54-9A1E7A4F7556}") = "PartyGameBL", "PartyGameBL\PartyGameBL.csproj", "{44C7B592-72C2-4A78-BB28-8EBF19F937B6}"
EndProject
Project("{9A19103F-16F7-4668-BE54-9A1E7A4F7556}") = "PartyGameDL", "PartyGameDL\PartyGameDL.csproj", "{F21949B1-93D7-4B31-8595-F6EC479CE85A}"
EndProject
Project("{FAE04EC0-301F-11D3-BF4B-00C04F79EFBC}") = "PartyGameWebAPI", "PartyGameWebAPI\PartyGameWebAPI.csproj", "{4D7C48B0-027F-42D2-9B82-88BBDA5D08D2}"
EndProject
Project("{2150E333-8FDC-42A3-9474-1A3956D46DE8}") = "NewFolder1", "NewFolder1", "{2F760208-61B7-4022-95C9-62C97EED84D4}"
EndProject
Project("{FAE04EC0-301F-11D3-BF4B-00C04F79EFBC}") = "PartyGameModels", "PartyGameModels\PartyGameModels.csproj", "{699C6E6F-50ED-4B33-A2E7-A54EC3808DDF}"
EndProject
Project("{FAE04EC0-301F-11D3-BF4B-00C04F79EFBC}") = "PartyGameTest", "PartyGameTest\PartyGameTest.csproj", "{5623EFC0-0E31-4184-A7CA-7EA57F7BDB19}"
EndProject
Global
	GlobalSection(SolutionConfigurationPlatforms) = preSolution
		Debug|Any CPU = Debug|Any CPU
		Debug|x64 = Debug|x64
		Debug|x86 = Debug|x86
		Release|Any CPU = Release|Any CPU
		Release|x64 = Release|x64
		Release|x86 = Release|x86
	EndGlobalSection
	GlobalSection(ProjectConfigurationPlatforms) = postSolution
		{44C7B592-72C2-4A78-BB28-8EBF19F937B6}.Debug|Any CPU.ActiveCfg = Debug|Any CPU
		{44C7B592-72C2-4A78-BB28-8EBF19F937B6}.Debug|Any CPU.Build.0 = Debug|Any CPU
		{44C7B592-72C2-4A78-BB28-8EBF19F937B6}.Debug|x64.ActiveCfg = Debug|Any CPU
		{44C7B592-72C2-4A78-BB28-8EBF19F937B6}.Debug|x64.Build.0 = Debug|Any CPU
		{44C7B592-72C2-4A78-BB28-8EBF19F937B6}.Debug|x86.ActiveCfg = Debug|Any CPU
		{44C7B592-72C2-4A78-BB28-8EBF19F937B6}.Debug|x86.Build.0 = Debug|Any CPU
		{44C7B592-72C2-4A78-BB28-8EBF19F937B6}.Release|Any CPU.ActiveCfg = Release|Any CPU
		{44C7B592-72C2-4A78-BB28-8EBF19F937B6}.Release|Any CPU.Build.0 = Release|Any CPU
		{44C7B592-72C2-4A78-BB28-8EBF19F937B6}.Release|x64.ActiveCfg = Release|Any CPU
		{44C7B592-72C2-4A78-BB28-8EBF19F937B6}.Release|x64.Build.0 = Release|Any CPU
		{44C7B592-72C2-4A78-BB28-8EBF19F937B6}.Release|x86.ActiveCfg = Release|Any CPU
		{44C7B592-72C2-4A78-BB28-8EBF19F937B6}.Release|x86.Build.0 = Release|Any CPU
		{F21949B1-93D7-4B31-8595-F6EC479CE85A}.Debug|Any CPU.ActiveCfg = Debug|Any CPU
		{F21949B1-93D7-4B31-8595-F6EC479CE85A}.Debug|Any CPU.Build.0 = Debug|Any CPU
		{F21949B1-93D7-4B31-8595-F6EC479CE85A}.Debug|x64.ActiveCfg = Debug|Any CPU
		{F21949B1-93D7-4B31-8595-F6EC479CE85A}.Debug|x64.Build.0 = Debug|Any CPU
		{F21949B1-93D7-4B31-8595-F6EC479CE85A}.Debug|x86.ActiveCfg = Debug|Any CPU
		{F21949B1-93D7-4B31-8595-F6EC479CE85A}.Debug|x86.Build.0 = Debug|Any CPU
		{F21949B1-93D7-4B31-8595-F6EC479CE85A}.Release|Any CPU.ActiveCfg = Release|Any CPU
		{F21949B1-93D7-4B31-8595-F6EC479CE85A}.Release|Any CPU.Build.0 = Release|Any CPU
		{F21949B1-93D7-4B31-8595-F6EC479CE85A}.Release|x64.ActiveCfg = Release|Any CPU
		{F21949B1-93D7-4B31-8595-F6EC479CE85A}.Release|x64.Build.0 = Release|Any CPU
		{F21949B1-93D7-4B31-8595-F6EC479CE85A}.Release|x86.ActiveCfg = Release|Any CPU
		{F21949B1-93D7-4B31-8595-F6EC479CE85A}.Release|x86.Build.0 = Release|Any CPU
		{4D7C48B0-027F-42D2-9B82-88BBDA5D08D2}.Debug|Any CPU.ActiveCfg = Debug|Any CPU
		{4D7C48B0-027F-42D2-9B82-88BBDA5D08D2}.Debug|Any CPU.Build.0 = Debug|Any CPU
		{4D7C48B0-027F-42D2-9B82-88BBDA5D08D2}.Debug|x64.ActiveCfg = Debug|Any CPU
		{4D7C48B0-027F-42D2-9B82-88BBDA5D08D2}.Debug|x64.Build.0 = Debug|Any CPU
		{4D7C48B0-027F-42D2-9B82-88BBDA5D08D2}.Debug|x86.ActiveCfg = Debug|Any CPU
		{4D7C48B0-027F-42D2-9B82-88BBDA5D08D2}.Debug|x86.Build.0 = Debug|Any CPU
		{4D7C48B0-027F-42D2-9B82-88BBDA5D08D2}.Release|Any CPU.ActiveCfg = Release|Any CPU
		{4D7C48B0-027F-42D2-9B82-88BBDA5D08D2}.Release|Any CPU.Build.0 = Release|Any CPU
		{4D7C48B0-027F-42D2-9B82-88BBDA5D08D2}.Release|x64.ActiveCfg = Release|Any CPU
		{4D7C48B0-027F-42D2-9B82-88BBDA5D08D2}.Release|x64.Build.0 = Release|Any CPU
		{4D7C48B0-027F-42D2-9B82-88BBDA5D08D2}.Release|x86.ActiveCfg = Release|Any CPU
		{4D7C48B0-027F-42D2-9B82-88BBDA5D08D2}.Release|x86.Build.0 = Release|Any CPU
		{699C6E6F-50ED-4B33-A2E7-A54EC3808DDF}.Debug|Any CPU.ActiveCfg = Debug|Any CPU
		{699C6E6F-50ED-4B33-A2E7-A54EC3808DDF}.Debug|Any CPU.Build.0 = Debug|Any CPU
		{699C6E6F-50ED-4B33-A2E7-A54EC3808DDF}.Debug|x64.ActiveCfg = Debug|Any CPU
		{699C6E6F-50ED-4B33-A2E7-A54EC3808DDF}.Debug|x64.Build.0 = Debug|Any CPU
		{699C6E6F-50ED-4B33-A2E7-A54EC3808DDF}.Debug|x86.ActiveCfg = Debug|Any CPU
		{699C6E6F-50ED-4B33-A2E7-A54EC3808DDF}.Debug|x86.Build.0 = Debug|Any CPU
		{699C6E6F-50ED-4B33-A2E7-A54EC3808DDF}.Release|Any CPU.ActiveCfg = Release|Any CPU
		{699C6E6F-50ED-4B33-A2E7-A54EC3808DDF}.Release|Any CPU.Build.0 = Release|Any CPU
		{699C6E6F-50ED-4B33-A2E7-A54EC3808DDF}.Release|x64.ActiveCfg = Release|Any CPU
		{699C6E6F-50ED-4B33-A2E7-A54EC3808DDF}.Release|x64.Build.0 = Release|Any CPU
		{699C6E6F-50ED-4B33-A2E7-A54EC3808DDF}.Release|x86.ActiveCfg = Release|Any CPU
		{699C6E6F-50ED-4B33-A2E7-A54EC3808DDF}.Release|x86.Build.0 = Release|Any CPU
		{5623EFC0-0E31-4184-A7CA-7EA57F7BDB19}.Debug|Any CPU.ActiveCfg = Debug|Any CPU
		{5623EFC0-0E31-4184-A7CA-7EA57F7BDB19}.Debug|Any CPU.Build.0 = Debug|Any CPU
		{5623EFC0-0E31-4184-A7CA-7EA57F7BDB19}.Debug|x64.ActiveCfg = Debug|Any CPU
		{5623EFC0-0E31-4184-A7CA-7EA57F7BDB19}.Debug|x64.Build.0 = Debug|Any CPU
		{5623EFC0-0E31-4184-A7CA-7EA57F7BDB19}.Debug|x86.ActiveCfg = Debug|Any CPU
		{5623EFC0-0E31-4184-A7CA-7EA57F7BDB19}.Debug|x86.Build.0 = Debug|Any CPU
		{5623EFC0-0E31-4184-A7CA-7EA57F7BDB19}.Release|Any CPU.ActiveCfg = Release|Any CPU
		{5623EFC0-0E31-4184-A7CA-7EA57F7BDB19}.Release|Any CPU.Build.0 = Release|Any CPU
		{5623EFC0-0E31-4184-A7CA-7EA57F7BDB19}.Release|x64.ActiveCfg = Release|Any CPU
		{5623EFC0-0E31-4184-A7CA-7EA57F7BDB19}.Release|x64.Build.0 = Release|Any CPU
		{5623EFC0-0E31-4184-A7CA-7EA57F7BDB19}.Release|x86.ActiveCfg = Release|Any CPU
		{5623EFC0-0E31-4184-A7CA-7EA57F7BDB19}.Release|x86.Build.0 = Release|Any CPU
	EndGlobalSection
	GlobalSection(SolutionProperties) = preSolution
		HideSolutionNode = FALSE
	EndGlobalSection
	GlobalSection(ExtensibilityGlobals) = postSolution
		SolutionGuid = {F6051C79-D682-43D4-9F6D-4CDB459D4DFD}
	EndGlobalSection
EndGlobal
